
Microsoft Visual Studio Solution File, Format Version 12.00
# Visual Studio 2013
VisualStudioVersion = 12.0.21005.1
MinimumVisualStudioVersion = 10.0.40219.1
Project("{FAE04EC0-301F-11D3-BF4B-00C04F79EFBC}") = "GestionCitas.Entidades", "GestionCitas.Entidades\GestionCitas.Entidades.csproj", "{492EE033-40D8-40E0-8920-2208997A1C38}"
EndProject
Project("{FAE04EC0-301F-11D3-BF4B-00C04F79EFBC}") = "GestionCitas.Datos", "GestionCitas.Datos\GestionCitas.Datos.csproj", "{AF0BDE28-6BCD-4A08-97F2-2AACDA695C2A}"
EndProject
Project("{FAE04EC0-301F-11D3-BF4B-00C04F79EFBC}") = "GestionCitas.Logica", "GestionCitas.Logica\GestionCitas.Logica.csproj", "{9235F61D-4AB4-416E-BD67-27516F9C5563}"
EndProject
Project("{FAE04EC0-301F-11D3-BF4B-00C04F79EFBC}") = "GestionCitas.Presentacion", "GestionCitas.Presentacion\GestionCitas.Presentacion.csproj", "{3A05B621-4039-4786-90A8-FA4317F73AF7}"
EndProject
Project("{FAE04EC0-301F-11D3-BF4B-00C04F79EFBC}") = "Base.Comunes", "Base.Comunes\Base.Comunes.csproj", "{14434546-A578-42BE-841B-C9B34F8DF0B0}"
EndProject
Global
	GlobalSection(SolutionConfigurationPlatforms) = preSolution
		Debug|Any CPU = Debug|Any CPU
		Release|Any CPU = Release|Any CPU
	EndGlobalSection
	GlobalSection(ProjectConfigurationPlatforms) = postSolution
		{492EE033-40D8-40E0-8920-2208997A1C38}.Debug|Any CPU.ActiveCfg = Debug|Any CPU
		{492EE033-40D8-40E0-8920-2208997A1C38}.Debug|Any CPU.Build.0 = Debug|Any CPU
		{492EE033-40D8-40E0-8920-2208997A1C38}.Release|Any CPU.ActiveCfg = Release|Any CPU
		{492EE033-40D8-40E0-8920-2208997A1C38}.Release|Any CPU.Build.0 = Release|Any CPU
		{AF0BDE28-6BCD-4A08-97F2-2AACDA695C2A}.Debug|Any CPU.ActiveCfg = Debug|Any CPU
		{AF0BDE28-6BCD-4A08-97F2-2AACDA695C2A}.Debug|Any CPU.Build.0 = Debug|Any CPU
		{AF0BDE28-6BCD-4A08-97F2-2AACDA695C2A}.Release|Any CPU.ActiveCfg = Release|Any CPU
		{AF0BDE28-6BCD-4A08-97F2-2AACDA695C2A}.Release|Any CPU.Build.0 = Release|Any CPU
		{9235F61D-4AB4-416E-BD67-27516F9C5563}.Debug|Any CPU.ActiveCfg = Debug|Any CPU
		{9235F61D-4AB4-416E-BD67-27516F9C5563}.Debug|Any CPU.Build.0 = Debug|Any CPU
		{9235F61D-4AB4-416E-BD67-27516F9C5563}.Release|Any CPU.ActiveCfg = Release|Any CPU
		{9235F61D-4AB4-416E-BD67-27516F9C5563}.Release|Any CPU.Build.0 = Release|Any CPU
		{3A05B621-4039-4786-90A8-FA4317F73AF7}.Debug|Any CPU.ActiveCfg = Debug|Any CPU
		{3A05B621-4039-4786-90A8-FA4317F73AF7}.Debug|Any CPU.Build.0 = Debug|Any CPU
		{3A05B621-4039-4786-90A8-FA4317F73AF7}.Release|Any CPU.ActiveCfg = Release|Any CPU
		{3A05B621-4039-4786-90A8-FA4317F73AF7}.Release|Any CPU.Build.0 = Release|Any CPU
		{14434546-A578-42BE-841B-C9B34F8DF0B0}.Debug|Any CPU.ActiveCfg = Debug|Any CPU
		{14434546-A578-42BE-841B-C9B34F8DF0B0}.Debug|Any CPU.Build.0 = Debug|Any CPU
		{14434546-A578-42BE-841B-C9B34F8DF0B0}.Release|Any CPU.ActiveCfg = Release|Any CPU
		{14434546-A578-42BE-841B-C9B34F8DF0B0}.Release|Any CPU.Build.0 = Release|Any CPU
	EndGlobalSection
	GlobalSection(SolutionProperties) = preSolution
		HideSolutionNode = FALSE
	EndGlobalSection
EndGlobal
